
Microsoft Visual Studio Solution File, Format Version 12.00
# Visual Studio 15
VisualStudioVersion = 15.0.28010.2036
MinimumVisualStudioVersion = 10.0.40219.1
Project("{888888A0-9F3D-457C-B088-3A5042F75D52}") = "JobMatching", "JobMatching\JobMatching.pyproj", "{1F7F95F5-3466-4ED3-91BA-B9BEE8E6A441}"
EndProject
Global
	GlobalSection(SolutionConfigurationPlatforms) = preSolution
		Debug|Any CPU = Debug|Any CPU
		Release|Any CPU = Release|Any CPU
	EndGlobalSection
	GlobalSection(ProjectConfigurationPlatforms) = postSolution
		{1F7F95F5-3466-4ED3-91BA-B9BEE8E6A441}.Debug|Any CPU.ActiveCfg = Debug|Any CPU
		{1F7F95F5-3466-4ED3-91BA-B9BEE8E6A441}.Release|Any CPU.ActiveCfg = Release|Any CPU
	EndGlobalSection
	GlobalSection(SolutionProperties) = preSolution
		HideSolutionNode = FALSE
	EndGlobalSection
	GlobalSection(ExtensibilityGlobals) = postSolution
		SolutionGuid = {927C6B72-7A0B-469E-AD23-F547860C7E44}
	EndGlobalSection
EndGlobal
